
Microsoft Visual Studio Solution File, Format Version 12.00
# Visual Studio Version 17
VisualStudioVersion = 17.0.31903.59
MinimumVisualStudioVersion = 10.0.40219.1
Project("{2150E333-8FDC-42A3-9474-1A3956D46DE8}") = "src", "src", "{E5053870-8037-4052-96AF-8F0928EF41F3}"
EndProject
Project("{2150E333-8FDC-42A3-9474-1A3956D46DE8}") = "tests", "tests", "{2EA3A11B-9031-4FAA-859A-627AEC12E081}"
EndProject
Project("{9A19103F-16F7-4668-BE54-9A1E7A4F7556}") = "Kuti.Windows.Tests", "tests\Kuti.Windows\Kuti.Windows.Tests.csproj", "{C0699FBD-4F7F-4EB4-BF34-AE1B664C574A}"
EndProject
Project("{9A19103F-16F7-4668-BE54-9A1E7A4F7556}") = "Kuti.Windows", "src\Kuti.Windows\Kuti.Windows.csproj", "{4D8F424E-9772-452A-95AC-D2D037A72FA2}"
EndProject
Global
	GlobalSection(SolutionConfigurationPlatforms) = preSolution
		Debug|Any CPU = Debug|Any CPU
		Release|Any CPU = Release|Any CPU
	EndGlobalSection
	GlobalSection(ProjectConfigurationPlatforms) = postSolution
		{C0699FBD-4F7F-4EB4-BF34-AE1B664C574A}.Debug|Any CPU.ActiveCfg = Debug|Any CPU
		{C0699FBD-4F7F-4EB4-BF34-AE1B664C574A}.Debug|Any CPU.Build.0 = Debug|Any CPU
		{C0699FBD-4F7F-4EB4-BF34-AE1B664C574A}.Release|Any CPU.ActiveCfg = Release|Any CPU
		{C0699FBD-4F7F-4EB4-BF34-AE1B664C574A}.Release|Any CPU.Build.0 = Release|Any CPU
		{4D8F424E-9772-452A-95AC-D2D037A72FA2}.Debug|Any CPU.ActiveCfg = Debug|Any CPU
		{4D8F424E-9772-452A-95AC-D2D037A72FA2}.Debug|Any CPU.Build.0 = Debug|Any CPU
		{4D8F424E-9772-452A-95AC-D2D037A72FA2}.Release|Any CPU.ActiveCfg = Release|Any CPU
		{4D8F424E-9772-452A-95AC-D2D037A72FA2}.Release|Any CPU.Build.0 = Release|Any CPU
	EndGlobalSection
	GlobalSection(SolutionProperties) = preSolution
		HideSolutionNode = FALSE
	EndGlobalSection
	GlobalSection(NestedProjects) = preSolution
		{C0699FBD-4F7F-4EB4-BF34-AE1B664C574A} = {2EA3A11B-9031-4FAA-859A-627AEC12E081}
		{4D8F424E-9772-452A-95AC-D2D037A72FA2} = {E5053870-8037-4052-96AF-8F0928EF41F3}
	EndGlobalSection
	GlobalSection(ExtensibilityGlobals) = postSolution
		SolutionGuid = {2994ED63-AA56-40B5-AAAB-3DCA273E335F}
	EndGlobalSection
EndGlobal
