
Microsoft Visual Studio Solution File, Format Version 12.00
# Visual Studio Version 17
VisualStudioVersion = 17.0.31903.59
MinimumVisualStudioVersion = 10.0.40219.1
Project("{2150E333-8FDC-42A3-9474-1A3956D46DE8}") = "src", "src", "{E5053870-8037-4052-96AF-8F0928EF41F3}"
EndProject
Project("{FAE04EC0-301F-11D3-BF4B-00C04F79EFBC}") = "Kuti.Windows", "src\Kuti.Windows\Kuti.Windows.csproj", "{A343AE41-5D54-4831-863F-59EC36A84DC3}"
EndProject
Global
	GlobalSection(SolutionConfigurationPlatforms) = preSolution
		Debug|Any CPU = Debug|Any CPU
		Release|Any CPU = Release|Any CPU
	EndGlobalSection
	GlobalSection(SolutionProperties) = preSolution
		HideSolutionNode = FALSE
	EndGlobalSection
	GlobalSection(ProjectConfigurationPlatforms) = postSolution
		{A343AE41-5D54-4831-863F-59EC36A84DC3}.Debug|Any CPU.ActiveCfg = Debug|Any CPU
		{A343AE41-5D54-4831-863F-59EC36A84DC3}.Debug|Any CPU.Build.0 = Debug|Any CPU
		{A343AE41-5D54-4831-863F-59EC36A84DC3}.Release|Any CPU.ActiveCfg = Release|Any CPU
		{A343AE41-5D54-4831-863F-59EC36A84DC3}.Release|Any CPU.Build.0 = Release|Any CPU
	EndGlobalSection
	GlobalSection(NestedProjects) = preSolution
		{A343AE41-5D54-4831-863F-59EC36A84DC3} = {E5053870-8037-4052-96AF-8F0928EF41F3}
	EndGlobalSection
EndGlobal
